// !$*UTF8*$!
{
	archiveVersion = 1;
	classes = {
	};
	objectVersion = 50;
	objects = {

/* Begin PBXBuildFile section */
		70FC8D00214AABE8003C3050 /* AppDelegate.swift in Sources */ = {isa = PBXBuildFile; fileRef = 70FC8CFF214AABE8003C3050 /* AppDelegate.swift */; };
		70FC8D02214AABE8003C3050 /* ViewController.swift in Sources */ = {isa = PBXBuildFile; fileRef = 70FC8D01214AABE8003C3050 /* ViewController.swift */; };
		70FC8D05214AABE8003C3050 /* Main.storyboard in Resources */ = {isa = PBXBuildFile; fileRef = 70FC8D03214AABE8003C3050 /* Main.storyboard */; };
		70FC8D07214AABEB003C3050 /* Assets.xcassets in Resources */ = {isa = PBXBuildFile; fileRef = 70FC8D06214AABEB003C3050 /* Assets.xcassets */; };
		70FC8D0A214AABEB003C3050 /* LaunchScreen.storyboard in Resources */ = {isa = PBXBuildFile; fileRef = 70FC8D08214AABEB003C3050 /* LaunchScreen.storyboard */; };
		70FC8D12214AAE07003C3050 /* MainTableViewController.swift in Sources */ = {isa = PBXBuildFile; fileRef = 70FC8D11214AAE07003C3050 /* MainTableViewController.swift */; };
		70FC8D14214AAE3D003C3050 /* MainCollectionViewController.swift in Sources */ = {isa = PBXBuildFile; fileRef = 70FC8D13214AAE3D003C3050 /* MainCollectionViewController.swift */; };
		70FC8D17214AAE65003C3050 /* CVTableViewCell.swift in Sources */ = {isa = PBXBuildFile; fileRef = 70FC8D15214AAE65003C3050 /* CVTableViewCell.swift */; };
		70FC8D18214AAE65003C3050 /* CVTableViewCell.xib in Resources */ = {isa = PBXBuildFile; fileRef = 70FC8D16214AAE65003C3050 /* CVTableViewCell.xib */; };
		70FC8D1A214AAE94003C3050 /* CustomCollectionViewCell.swift in Sources */ = {isa = PBXBuildFile; fileRef = 70FC8D19214AAE94003C3050 /* CustomCollectionViewCell.swift */; };
		70FC8D1C214AAEA7003C3050 /* CustomCollectionViewCell.xib in Resources */ = {isa = PBXBuildFile; fileRef = 70FC8D1B214AAEA7003C3050 /* CustomCollectionViewCell.xib */; };
		70FC8D1F214AAED5003C3050 /* PlainTableViewCell.swift in Sources */ = {isa = PBXBuildFile; fileRef = 70FC8D1D214AAED5003C3050 /* PlainTableViewCell.swift */; };
		70FC8D20214AAED5003C3050 /* PlainTableViewCell.xib in Resources */ = {isa = PBXBuildFile; fileRef = 70FC8D1E214AAED5003C3050 /* PlainTableViewCell.xib */; };
/* End PBXBuildFile section */

/* Begin PBXFileReference section */
		70FC8CFC214AABE8003C3050 /* PoC.app */ = {isa = PBXFileReference; explicitFileType = wrapper.application; includeInIndex = 0; path = PoC.app; sourceTree = BUILT_PRODUCTS_DIR; };
		70FC8CFF214AABE8003C3050 /* AppDelegate.swift */ = {isa = PBXFileReference; lastKnownFileType = sourcecode.swift; path = AppDelegate.swift; sourceTree = "<group>"; };
		70FC8D01214AABE8003C3050 /* ViewController.swift */ = {isa = PBXFileReference; lastKnownFileType = sourcecode.swift; path = ViewController.swift; sourceTree = "<group>"; };
		70FC8D04214AABE8003C3050 /* Base */ = {isa = PBXFileReference; lastKnownFileType = file.storyboard; name = Base; path = Base.lproj/Main.storyboard; sourceTree = "<group>"; };
		70FC8D06214AABEB003C3050 /* Assets.xcassets */ = {isa = PBXFileReference; lastKnownFileType = folder.assetcatalog; path = Assets.xcassets; sourceTree = "<group>"; };
		70FC8D09214AABEB003C3050 /* Base */ = {isa = PBXFileReference; lastKnownFileType = file.storyboard; name = Base; path = Base.lproj/LaunchScreen.storyboard; sourceTree = "<group>"; };
		70FC8D0B214AABEB003C3050 /* Info.plist */ = {isa = PBXFileReference; lastKnownFileType = text.plist.xml; path = Info.plist; sourceTree = "<group>"; };
		70FC8D11214AAE07003C3050 /* MainTableViewController.swift */ = {isa = PBXFileReference; lastKnownFileType = sourcecode.swift; path = MainTableViewController.swift; sourceTree = "<group>"; };
		70FC8D13214AAE3D003C3050 /* MainCollectionViewController.swift */ = {isa = PBXFileReference; lastKnownFileType = sourcecode.swift; path = MainCollectionViewController.swift; sourceTree = "<group>"; };
		70FC8D15214AAE65003C3050 /* CVTableViewCell.swift */ = {isa = PBXFileReference; lastKnownFileType = sourcecode.swift; path = CVTableViewCell.swift; sourceTree = "<group>"; };
		70FC8D16214AAE65003C3050 /* CVTableViewCell.xib */ = {isa = PBXFileReference; lastKnownFileType = file.xib; path = CVTableViewCell.xib; sourceTree = "<group>"; };
		70FC8D19214AAE94003C3050 /* CustomCollectionViewCell.swift */ = {isa = PBXFileReference; lastKnownFileType = sourcecode.swift; path = CustomCollectionViewCell.swift; sourceTree = "<group>"; };
		70FC8D1B214AAEA7003C3050 /* CustomCollectionViewCell.xib */ = {isa = PBXFileReference; lastKnownFileType = file.xib; path = CustomCollectionViewCell.xib; sourceTree = "<group>"; };
		70FC8D1D214AAED5003C3050 /* PlainTableViewCell.swift */ = {isa = PBXFileReference; lastKnownFileType = sourcecode.swift; path = PlainTableViewCell.swift; sourceTree = "<group>"; };
		70FC8D1E214AAED5003C3050 /* PlainTableViewCell.xib */ = {isa = PBXFileReference; lastKnownFileType = file.xib; path = PlainTableViewCell.xib; sourceTree = "<group>"; };
/* End PBXFileReference section */

/* Begin PBXFrameworksBuildPhase section */
		70FC8CF9214AABE8003C3050 /* Frameworks */ = {
			isa = PBXFrameworksBuildPhase;
			buildActionMask = 2147483647;
			files = (
			);
			runOnlyForDeploymentPostprocessing = 0;
		};
/* End PBXFrameworksBuildPhase section */

/* Begin PBXGroup section */
		70FC8CF3214AABE8003C3050 = {
			isa = PBXGroup;
			children = (
				70FC8CFE214AABE8003C3050 /* PoC */,
				70FC8CFD214AABE8003C3050 /* Products */,
			);
			sourceTree = "<group>";
		};
		70FC8CFD214AABE8003C3050 /* Products */ = {
			isa = PBXGroup;
			children = (
				70FC8CFC214AABE8003C3050 /* PoC.app */,
			);
			name = Products;
			sourceTree = "<group>";
		};
		70FC8CFE214AABE8003C3050 /* PoC */ = {
			isa = PBXGroup;
			children = (
				70FC8CFF214AABE8003C3050 /* AppDelegate.swift */,
				70FC8D01214AABE8003C3050 /* ViewController.swift */,
				70FC8D03214AABE8003C3050 /* Main.storyboard */,
				70FC8D11214AAE07003C3050 /* MainTableViewController.swift */,
				70FC8D13214AAE3D003C3050 /* MainCollectionViewController.swift */,
				70FC8D21214AAEE0003C3050 /* Cells */,
				70FC8D06214AABEB003C3050 /* Assets.xcassets */,
				70FC8D08214AABEB003C3050 /* LaunchScreen.storyboard */,
				70FC8D0B214AABEB003C3050 /* Info.plist */,
			);
			path = PoC;
			sourceTree = "<group>";
		};
		70FC8D21214AAEE0003C3050 /* Cells */ = {
			isa = PBXGroup;
			children = (
				70FC8D15214AAE65003C3050 /* CVTableViewCell.swift */,
				70FC8D16214AAE65003C3050 /* CVTableViewCell.xib */,
				70FC8D19214AAE94003C3050 /* CustomCollectionViewCell.swift */,
				70FC8D1B214AAEA7003C3050 /* CustomCollectionViewCell.xib */,
				70FC8D1D214AAED5003C3050 /* PlainTableViewCell.swift */,
				70FC8D1E214AAED5003C3050 /* PlainTableViewCell.xib */,
			);
			path = Cells;
			sourceTree = "<group>";
		};
/* End PBXGroup section */

/* Begin PBXNativeTarget section */
		70FC8CFB214AABE8003C3050 /* PoC */ = {
			isa = PBXNativeTarget;
			buildConfigurationList = 70FC8D0E214AABEB003C3050 /* Build configuration list for PBXNativeTarget "PoC" */;
			buildPhases = (
				70FC8CF8214AABE8003C3050 /* Sources */,
				70FC8CF9214AABE8003C3050 /* Frameworks */,
				70FC8CFA214AABE8003C3050 /* Resources */,
			);
			buildRules = (
			);
			dependencies = (
			);
			name = PoC;
			productName = PoC;
			productReference = 70FC8CFC214AABE8003C3050 /* PoC.app */;
			productType = "com.apple.product-type.application";
		};
/* End PBXNativeTarget section */

/* Begin PBXProject section */
		70FC8CF4214AABE8003C3050 /* Project object */ = {
			isa = PBXProject;
			attributes = {
				LastSwiftUpdateCheck = 0940;
				LastUpgradeCheck = 0940;
				ORGANIZATIONNAME = qw;
				TargetAttributes = {
					70FC8CFB214AABE8003C3050 = {
						CreatedOnToolsVersion = 9.4.1;
					};
				};
			};
			buildConfigurationList = 70FC8CF7214AABE8003C3050 /* Build configuration list for PBXProject "PoC" */;
			compatibilityVersion = "Xcode 9.3";
			developmentRegion = en;
			hasScannedForEncodings = 0;
			knownRegions = (
				en,
				Base,
			);
			mainGroup = 70FC8CF3214AABE8003C3050;
			productRefGroup = 70FC8CFD214AABE8003C3050 /* Products */;
			projectDirPath = "";
			projectRoot = "";
			targets = (
				70FC8CFB214AABE8003C3050 /* PoC */,
			);
		};
/* End PBXProject section */

/* Begin PBXResourcesBuildPhase section */
		70FC8CFA214AABE8003C3050 /* Resources */ = {
			isa = PBXResourcesBuildPhase;
			buildActionMask = 2147483647;
			files = (
				70FC8D20214AAED5003C3050 /* PlainTableViewCell.xib in Resources */,
				70FC8D18214AAE65003C3050 /* CVTableViewCell.xib in Resources */,
				70FC8D0A214AABEB003C3050 /* LaunchScreen.storyboard in Resources */,
				70FC8D07214AABEB003C3050 /* Assets.xcassets in Resources */,
				70FC8D1C214AAEA7003C3050 /* CustomCollectionViewCell.xib in Resources */,
				70FC8D05214AABE8003C3050 /* Main.storyboard in Resources */,
			);
			runOnlyForDeploymentPostprocessing = 0;
		};
/* End PBXResourcesBuildPhase section */

/* Begin PBXSourcesBuildPhase section */
		70FC8CF8214AABE8003C3050 /* Sources */ = {
			isa = PBXSourcesBuildPhase;
			buildActionMask = 2147483647;
			files = (
				70FC8D02214AABE8003C3050 /* ViewController.swift in Sources */,
				70FC8D1A214AAE94003C3050 /* CustomCollectionViewCell.swift in Sources */,
				70FC8D14214AAE3D003C3050 /* MainCollectionViewController.swift in Sources */,
				70FC8D1F214AAED5003C3050 /* PlainTableViewCell.swift in Sources */,
				70FC8D12214AAE07003C3050 /* MainTableViewController.swift in Sources */,
				70FC8D00214AABE8003C3050 /* AppDelegate.swift in Sources */,
				70FC8D17214AAE65003C3050 /* CVTableViewCell.swift in Sources */,
			);
			runOnlyForDeploymentPostprocessing = 0;
		};
/* End PBXSourcesBuildPhase section */

/* Begin PBXVariantGroup section */
		70FC8D03214AABE8003C3050 /* Main.storyboard */ = {
			isa = PBXVariantGroup;
			children = (
				70FC8D04214AABE8003C3050 /* Base */,
			);
			name = Main.storyboard;
			sourceTree = "<group>";
		};
		70FC8D08214AABEB003C3050 /* LaunchScreen.storyboard */ = {
			isa = PBXVariantGroup;
			children = (
				70FC8D09214AABEB003C3050 /* Base */,
			);
			name = LaunchScreen.storyboard;
			sourceTree = "<group>";
		};
/* End PBXVariantGroup section */

/* Begin XCBuildConfiguration section */
		70FC8D0C214AABEB003C3050 /* Debug */ = {
			isa = XCBuildConfiguration;
			buildSettings = {
				ALWAYS_SEARCH_USER_PATHS = NO;
				CLANG_ANALYZER_NONNULL = YES;
				CLANG_ANALYZER_NUMBER_OBJECT_CONVERSION = YES_AGGRESSIVE;
				CLANG_CXX_LANGUAGE_STANDARD = "gnu++14";
				CLANG_CXX_LIBRARY = "libc++";
				CLANG_ENABLE_MODULES = YES;
				CLANG_ENABLE_OBJC_ARC = YES;
				CLANG_ENABLE_OBJC_WEAK = YES;
				CLANG_WARN_BLOCK_CAPTURE_AUTORELEASING = YES;
				CLANG_WARN_BOOL_CONVERSION = YES;
				CLANG_WARN_COMMA = YES;
				CLANG_WARN_CONSTANT_CONVERSION = YES;
				CLANG_WARN_DEPRECATED_OBJC_IMPLEMENTATIONS = YES;
				CLANG_WARN_DIRECT_OBJC_ISA_USAGE = YES_ERROR;
				CLANG_WARN_DOCUMENTATION_COMMENTS = YES;
				CLANG_WARN_EMPTY_BODY = YES;
				CLANG_WARN_ENUM_CONVERSION = YES;
				CLANG_WARN_INFINITE_RECURSION = YES;
				CLANG_WARN_INT_CONVERSION = YES;
				CLANG_WARN_NON_LITERAL_NULL_CONVERSION = YES;
				CLANG_WARN_OBJC_IMPLICIT_RETAIN_SELF = YES;
				CLANG_WARN_OBJC_LITERAL_CONVERSION = YES;
				CLANG_WARN_OBJC_ROOT_CLASS = YES_ERROR;
				CLANG_WARN_RANGE_LOOP_ANALYSIS = YES;
				CLANG_WARN_STRICT_PROTOTYPES = YES;
				CLANG_WARN_SUSPICIOUS_MOVE = YES;
				CLANG_WARN_UNGUARDED_AVAILABILITY = YES_AGGRESSIVE;
				CLANG_WARN_UNREACHABLE_CODE = YES;
				CLANG_WARN__DUPLICATE_METHOD_MATCH = YES;
				CODE_SIGN_IDENTITY = "iPhone Developer";
				COPY_PHASE_STRIP = NO;
				DEBUG_INFORMATION_FORMAT = dwarf;
				ENABLE_STRICT_OBJC_MSGSEND = YES;
				ENABLE_TESTABILITY = YES;
				GCC_C_LANGUAGE_STANDARD = gnu11;
				GCC_DYNAMIC_NO_PIC = NO;
				GCC_NO_COMMON_BLOCKS = YES;
				GCC_OPTIMIZATION_LEVEL = 0;
				GCC_PREPROCESSOR_DEFINITIONS = (
					"DEBUG=1",
					"$(inherited)",
				);
				GCC_WARN_64_TO_32_BIT_CONVERSION = YES;
				GCC_WARN_ABOUT_RETURN_TYPE = YES_ERROR;
				GCC_WARN_UNDECLARED_SELECTOR = YES;
				GCC_WARN_UNINITIALIZED_AUTOS = YES_AGGRESSIVE;
				GCC_WARN_UNUSED_FUNCTION = YES;
				GCC_WARN_UNUSED_VARIABLE = YES;
				IPHONEOS_DEPLOYMENT_TARGET = 11.4;
				MTL_ENABLE_DEBUG_INFO = YES;
				ONLY_ACTIVE_ARCH = YES;
				SDKROOT = iphoneos;
				SWIFT_ACTIVE_COMPILATION_CONDITIONS = DEBUG;
				SWIFT_OPTIMIZATION_LEVEL = "-Onone";
			};
			name = Debug;
		};
		70FC8D0D214AABEB003C3050 /* Release */ = {
			isa = XCBuildConfiguration;
			buildSettings = {
				ALWAYS_SEARCH_USER_PATHS = NO;
				CLANG_ANALYZER_NONNULL = YES;
				CLANG_ANALYZER_NUMBER_OBJECT_CONVERSION = YES_AGGRESSIVE;
				CLANG_CXX_LANGUAGE_STANDARD = "gnu++14";
				CLANG_CXX_LIBRARY = "libc++";
				CLANG_ENABLE_MODULES = YES;
				CLANG_ENABLE_OBJC_ARC = YES;
				CLANG_ENABLE_OBJC_WEAK = YES;
				CLANG_WARN_BLOCK_CAPTURE_AUTORELEASING = YES;
				CLANG_WARN_BOOL_CONVERSION = YES;
				CLANG_WARN_COMMA = YES;
				CLANG_WARN_CONSTANT_CONVERSION = YES;
				CLANG_WARN_DEPRECATED_OBJC_IMPLEMENTATIONS = YES;
				CLANG_WARN_DIRECT_OBJC_ISA_USAGE = YES_ERROR;
				CLANG_WARN_DOCUMENTATION_COMMENTS = YES;
				CLANG_WARN_EMPTY_BODY = YES;
				CLANG_WARN_ENUM_CONVERSION = YES;
				CLANG_WARN_INFINITE_RECURSION = YES;
				CLANG_WARN_INT_CONVERSION = YES;
				CLANG_WARN_NON_LITERAL_NULL_CONVERSION = YES;
				CLANG_WARN_OBJC_IMPLICIT_RETAIN_SELF = YES;
				CLANG_WARN_OBJC_LITERAL_CONVERSION = YES;
				CLANG_WARN_OBJC_ROOT_CLASS = YES_ERROR;
				CLANG_WARN_RANGE_LOOP_ANALYSIS = YES;
				CLANG_WARN_STRICT_PROTOTYPES = YES;
				CLANG_WARN_SUSPICIOUS_MOVE = YES;
				CLANG_WARN_UNGUARDED_AVAILABILITY = YES_AGGRESSIVE;
				CLANG_WARN_UNREACHABLE_CODE = YES;
				CLANG_WARN__DUPLICATE_METHOD_MATCH = YES;
				CODE_SIGN_IDENTITY = "iPhone Developer";
				COPY_PHASE_STRIP = NO;
				DEBUG_INFORMATION_FORMAT = "dwarf-with-dsym";
				ENABLE_NS_ASSERTIONS = NO;
				ENABLE_STRICT_OBJC_MSGSEND = YES;
				GCC_C_LANGUAGE_STANDARD = gnu11;
				GCC_NO_COMMON_BLOCKS = YES;
				GCC_WARN_64_TO_32_BIT_CONVERSION = YES;
				GCC_WARN_ABOUT_RETURN_TYPE = YES_ERROR;
				GCC_WARN_UNDECLARED_SELECTOR = YES;
				GCC_WARN_UNINITIALIZED_AUTOS = YES_AGGRESSIVE;
				GCC_WARN_UNUSED_FUNCTION = YES;
				GCC_WARN_UNUSED_VARIABLE = YES;
				IPHONEOS_DEPLOYMENT_TARGET = 11.4;
				MTL_ENABLE_DEBUG_INFO = NO;
				SDKROOT = iphoneos;
				SWIFT_COMPILATION_MODE = wholemodule;
				SWIFT_OPTIMIZATION_LEVEL = "-O";
				VALIDATE_PRODUCT = YES;
			};
			name = Release;
		};
		70FC8D0F214AABEB003C3050 /* Debug */ = {
			isa = XCBuildConfiguration;
			buildSettings = {
				ASSETCATALOG_COMPILER_APPICON_NAME = AppIcon;
				CODE_SIGN_STYLE = Automatic;
				DEVELOPMENT_TEAM = LDWUKS5K42;
				INFOPLIST_FILE = PoC/Info.plist;
				LD_RUNPATH_SEARCH_PATHS = (
					"$(inherited)",
					"@executable_path/Frameworks",
				);
				PRODUCT_BUNDLE_IDENTIFIER = test.PoC;
				PRODUCT_NAME = "$(TARGET_NAME)";
				SWIFT_VERSION = 4.0;
				TARGETED_DEVICE_FAMILY = "1,2";
			};
			name = Debug;
		};
		70FC8D10214AABEB003C3050 /* Release */ = {
			isa = XCBuildConfiguration;
			buildSettings = {
				ASSETCATALOG_COMPILER_APPICON_NAME = AppIcon;
				CODE_SIGN_STYLE = Automatic;
				DEVELOPMENT_TEAM = LDWUKS5K42;
				INFOPLIST_FILE = PoC/Info.plist;
				LD_RUNPATH_SEARCH_PATHS = (
					"$(inherited)",
					"@executable_path/Frameworks",
				);
				PRODUCT_BUNDLE_IDENTIFIER = test.PoC;
				PRODUCT_NAME = "$(TARGET_NAME)";
				SWIFT_VERSION = 4.0;
				TARGETED_DEVICE_FAMILY = "1,2";
			};
			name = Release;
		};
/* End XCBuildConfiguration section */

/* Begin XCConfigurationList section */
		70FC8CF7214AABE8003C3050 /* Build configuration list for PBXProject "PoC" */ = {
			isa = XCConfigurationList;
			buildConfigurations = (
				70FC8D0C214AABEB003C3050 /* Debug */,
				70FC8D0D214AABEB003C3050 /* Release */,
			);
			defaultConfigurationIsVisible = 0;
			defaultConfigurationName = Release;
		};
		70FC8D0E214AABEB003C3050 /* Build configuration list for PBXNativeTarget "PoC" */ = {
			isa = XCConfigurationList;
			buildConfigurations = (
				70FC8D0F214AABEB003C3050 /* Debug */,
				70FC8D10214AABEB003C3050 /* Release */,
			);
			defaultConfigurationIsVisible = 0;
			defaultConfigurationName = Release;
		};
/* End XCConfigurationList section */
	};
	rootObject = 70FC8CF4214AABE8003C3050 /* Project object */;
}
